// !$*UTF8*$!
{
	archiveVersion = 1;
	classes = {
	};
	objectVersion = 50;
	objects = {

/* Begin PBXBuildFile section */
		9FCF394612F0A8E42E27A9CB /* Pods_TelemetryApp.framework in Frameworks */ = {isa = PBXBuildFile; fileRef = 6B22950E09878D842173933E /* Pods_TelemetryApp.framework */; };
		A01CA522236A3D02007B6713 /* AppDelegate.swift in Sources */ = {isa = PBXBuildFile; fileRef = A01CA521236A3D02007B6713 /* AppDelegate.swift */; };
		A01CA524236A3D02007B6713 /* ViewController.swift in Sources */ = {isa = PBXBuildFile; fileRef = A01CA523236A3D02007B6713 /* ViewController.swift */; };
		A01CA527236A3D02007B6713 /* Main.storyboard in Resources */ = {isa = PBXBuildFile; fileRef = A01CA525236A3D02007B6713 /* Main.storyboard */; };
		A01CA529236A3D03007B6713 /* Assets.xcassets in Resources */ = {isa = PBXBuildFile; fileRef = A01CA528236A3D03007B6713 /* Assets.xcassets */; };
		A01CA52C236A3D03007B6713 /* LaunchScreen.storyboard in Resources */ = {isa = PBXBuildFile; fileRef = A01CA52A236A3D03007B6713 /* LaunchScreen.storyboard */; };
		A01CA537236A3D03007B6713 /* TelemetryAppTests.swift in Sources */ = {isa = PBXBuildFile; fileRef = A01CA536236A3D03007B6713 /* TelemetryAppTests.swift */; };
		A01CA542236A3D03007B6713 /* TelemetryAppUITests.swift in Sources */ = {isa = PBXBuildFile; fileRef = A01CA541236A3D03007B6713 /* TelemetryAppUITests.swift */; };
/* End PBXBuildFile section */

/* Begin PBXContainerItemProxy section */
		A01CA533236A3D03007B6713 /* PBXContainerItemProxy */ = {
			isa = PBXContainerItemProxy;
			containerPortal = A01CA516236A3D02007B6713 /* Project object */;
			proxyType = 1;
			remoteGlobalIDString = A01CA51D236A3D02007B6713;
			remoteInfo = TelemetryApp;
		};
		A01CA53E236A3D03007B6713 /* PBXContainerItemProxy */ = {
			isa = PBXContainerItemProxy;
			containerPortal = A01CA516236A3D02007B6713 /* Project object */;
			proxyType = 1;
			remoteGlobalIDString = A01CA51D236A3D02007B6713;
			remoteInfo = TelemetryApp;
		};
/* End PBXContainerItemProxy section */

/* Begin PBXFileReference section */
		144BD5E6415349B6695AAAEF /* Pods-TelemetryApp.debug.xcconfig */ = {isa = PBXFileReference; includeInIndex = 1; lastKnownFileType = text.xcconfig; name = "Pods-TelemetryApp.debug.xcconfig"; path = "Pods/Target Support Files/Pods-TelemetryApp/Pods-TelemetryApp.debug.xcconfig"; sourceTree = "<group>"; };
		6B22950E09878D842173933E /* Pods_TelemetryApp.framework */ = {isa = PBXFileReference; explicitFileType = wrapper.framework; includeInIndex = 0; path = Pods_TelemetryApp.framework; sourceTree = BUILT_PRODUCTS_DIR; };
		A01CA51E236A3D02007B6713 /* TelemetryApp.app */ = {isa = PBXFileReference; explicitFileType = wrapper.application; includeInIndex = 0; path = TelemetryApp.app; sourceTree = BUILT_PRODUCTS_DIR; };
		A01CA521236A3D02007B6713 /* AppDelegate.swift */ = {isa = PBXFileReference; lastKnownFileType = sourcecode.swift; path = AppDelegate.swift; sourceTree = "<group>"; };
		A01CA523236A3D02007B6713 /* ViewController.swift */ = {isa = PBXFileReference; lastKnownFileType = sourcecode.swift; path = ViewController.swift; sourceTree = "<group>"; };
		A01CA526236A3D02007B6713 /* Base */ = {isa = PBXFileReference; lastKnownFileType = file.storyboard; name = Base; path = Base.lproj/Main.storyboard; sourceTree = "<group>"; };
		A01CA528236A3D03007B6713 /* Assets.xcassets */ = {isa = PBXFileReference; lastKnownFileType = folder.assetcatalog; path = Assets.xcassets; sourceTree = "<group>"; };
		A01CA52B236A3D03007B6713 /* Base */ = {isa = PBXFileReference; lastKnownFileType = file.storyboard; name = Base; path = Base.lproj/LaunchScreen.storyboard; sourceTree = "<group>"; };
		A01CA52D236A3D03007B6713 /* Info.plist */ = {isa = PBXFileReference; lastKnownFileType = text.plist.xml; path = Info.plist; sourceTree = "<group>"; };
		A01CA532236A3D03007B6713 /* TelemetryAppTests.xctest */ = {isa = PBXFileReference; explicitFileType = wrapper.cfbundle; includeInIndex = 0; path = TelemetryAppTests.xctest; sourceTree = BUILT_PRODUCTS_DIR; };
		A01CA536236A3D03007B6713 /* TelemetryAppTests.swift */ = {isa = PBXFileReference; lastKnownFileType = sourcecode.swift; path = TelemetryAppTests.swift; sourceTree = "<group>"; };
		A01CA538236A3D03007B6713 /* Info.plist */ = {isa = PBXFileReference; lastKnownFileType = text.plist.xml; path = Info.plist; sourceTree = "<group>"; };
		A01CA53D236A3D03007B6713 /* TelemetryAppUITests.xctest */ = {isa = PBXFileReference; explicitFileType = wrapper.cfbundle; includeInIndex = 0; path = TelemetryAppUITests.xctest; sourceTree = BUILT_PRODUCTS_DIR; };
		A01CA541236A3D03007B6713 /* TelemetryAppUITests.swift */ = {isa = PBXFileReference; lastKnownFileType = sourcecode.swift; path = TelemetryAppUITests.swift; sourceTree = "<group>"; };
		A01CA543236A3D03007B6713 /* Info.plist */ = {isa = PBXFileReference; lastKnownFileType = text.plist.xml; path = Info.plist; sourceTree = "<group>"; };
		C38FE4A35ABDC7E96FFAB128 /* Pods-TelemetryApp.release.xcconfig */ = {isa = PBXFileReference; includeInIndex = 1; lastKnownFileType = text.xcconfig; name = "Pods-TelemetryApp.release.xcconfig"; path = "Pods/Target Support Files/Pods-TelemetryApp/Pods-TelemetryApp.release.xcconfig"; sourceTree = "<group>"; };
/* End PBXFileReference section */

/* Begin PBXFrameworksBuildPhase section */
		A01CA51B236A3D02007B6713 /* Frameworks */ = {
			isa = PBXFrameworksBuildPhase;
			buildActionMask = 2147483647;
			files = (
				9FCF394612F0A8E42E27A9CB /* Pods_TelemetryApp.framework in Frameworks */,
			);
			runOnlyForDeploymentPostprocessing = 0;
		};
		A01CA52F236A3D03007B6713 /* Frameworks */ = {
			isa = PBXFrameworksBuildPhase;
			buildActionMask = 2147483647;
			files = (
			);
			runOnlyForDeploymentPostprocessing = 0;
		};
		A01CA53A236A3D03007B6713 /* Frameworks */ = {
			isa = PBXFrameworksBuildPhase;
			buildActionMask = 2147483647;
			files = (
			);
			runOnlyForDeploymentPostprocessing = 0;
		};
/* End PBXFrameworksBuildPhase section */

/* Begin PBXGroup section */
		69FC17B818426CF39FED3FDC /* Pods */ = {
			isa = PBXGroup;
			children = (
				144BD5E6415349B6695AAAEF /* Pods-TelemetryApp.debug.xcconfig */,
				C38FE4A35ABDC7E96FFAB128 /* Pods-TelemetryApp.release.xcconfig */,
			);
			name = Pods;
			sourceTree = "<group>";
		};
		72B096A68E3FC05641DA99CA /* Frameworks */ = {
			isa = PBXGroup;
			children = (
				6B22950E09878D842173933E /* Pods_TelemetryApp.framework */,
			);
			name = Frameworks;
			sourceTree = "<group>";
		};
		A01CA515236A3D02007B6713 = {
			isa = PBXGroup;
			children = (
				A01CA520236A3D02007B6713 /* TelemetryApp */,
				A01CA535236A3D03007B6713 /* TelemetryAppTests */,
				A01CA540236A3D03007B6713 /* TelemetryAppUITests */,
				A01CA51F236A3D02007B6713 /* Products */,
				69FC17B818426CF39FED3FDC /* Pods */,
				72B096A68E3FC05641DA99CA /* Frameworks */,
			);
			sourceTree = "<group>";
		};
		A01CA51F236A3D02007B6713 /* Products */ = {
			isa = PBXGroup;
			children = (
				A01CA51E236A3D02007B6713 /* TelemetryApp.app */,
				A01CA532236A3D03007B6713 /* TelemetryAppTests.xctest */,
				A01CA53D236A3D03007B6713 /* TelemetryAppUITests.xctest */,
			);
			name = Products;
			sourceTree = "<group>";
		};
		A01CA520236A3D02007B6713 /* TelemetryApp */ = {
			isa = PBXGroup;
			children = (
				A01CA521236A3D02007B6713 /* AppDelegate.swift */,
				A01CA523236A3D02007B6713 /* ViewController.swift */,
				A01CA525236A3D02007B6713 /* Main.storyboard */,
				A01CA528236A3D03007B6713 /* Assets.xcassets */,
				A01CA52A236A3D03007B6713 /* LaunchScreen.storyboard */,
				A01CA52D236A3D03007B6713 /* Info.plist */,
			);
			path = TelemetryApp;
			sourceTree = "<group>";
		};
		A01CA535236A3D03007B6713 /* TelemetryAppTests */ = {
			isa = PBXGroup;
			children = (
				A01CA536236A3D03007B6713 /* TelemetryAppTests.swift */,
				A01CA538236A3D03007B6713 /* Info.plist */,
			);
			path = TelemetryAppTests;
			sourceTree = "<group>";
		};
		A01CA540236A3D03007B6713 /* TelemetryAppUITests */ = {
			isa = PBXGroup;
			children = (
				A01CA541236A3D03007B6713 /* TelemetryAppUITests.swift */,
				A01CA543236A3D03007B6713 /* Info.plist */,
			);
			path = TelemetryAppUITests;
			sourceTree = "<group>";
		};
/* End PBXGroup section */

/* Begin PBXNativeTarget section */
		A01CA51D236A3D02007B6713 /* TelemetryApp */ = {
			isa = PBXNativeTarget;
			buildConfigurationList = A01CA546236A3D03007B6713 /* Build configuration list for PBXNativeTarget "TelemetryApp" */;
			buildPhases = (
				4C1754689566A76EF692634F /* [CP] Check Pods Manifest.lock */,
				A01CA51A236A3D02007B6713 /* Sources */,
				A01CA51B236A3D02007B6713 /* Frameworks */,
				A01CA51C236A3D02007B6713 /* Resources */,
				75A90B1FA7D352775B17FF51 /* [CP] Embed Pods Frameworks */,
			);
			buildRules = (
			);
			dependencies = (
			);
			name = TelemetryApp;
			productName = TelemetryApp;
			productReference = A01CA51E236A3D02007B6713 /* TelemetryApp.app */;
			productType = "com.apple.product-type.application";
		};
		A01CA531236A3D03007B6713 /* TelemetryAppTests */ = {
			isa = PBXNativeTarget;
			buildConfigurationList = A01CA549236A3D03007B6713 /* Build configuration list for PBXNativeTarget "TelemetryAppTests" */;
			buildPhases = (
				A01CA52E236A3D03007B6713 /* Sources */,
				A01CA52F236A3D03007B6713 /* Frameworks */,
				A01CA530236A3D03007B6713 /* Resources */,
			);
			buildRules = (
			);
			dependencies = (
				A01CA534236A3D03007B6713 /* PBXTargetDependency */,
			);
			name = TelemetryAppTests;
			productName = TelemetryAppTests;
			productReference = A01CA532236A3D03007B6713 /* TelemetryAppTests.xctest */;
			productType = "com.apple.product-type.bundle.unit-test";
		};
		A01CA53C236A3D03007B6713 /* TelemetryAppUITests */ = {
			isa = PBXNativeTarget;
			buildConfigurationList = A01CA54C236A3D03007B6713 /* Build configuration list for PBXNativeTarget "TelemetryAppUITests" */;
			buildPhases = (
				A01CA539236A3D03007B6713 /* Sources */,
				A01CA53A236A3D03007B6713 /* Frameworks */,
				A01CA53B236A3D03007B6713 /* Resources */,
			);
			buildRules = (
			);
			dependencies = (
				A01CA53F236A3D03007B6713 /* PBXTargetDependency */,
			);
			name = TelemetryAppUITests;
			productName = TelemetryAppUITests;
			productReference = A01CA53D236A3D03007B6713 /* TelemetryAppUITests.xctest */;
			productType = "com.apple.product-type.bundle.ui-testing";
		};
/* End PBXNativeTarget section */

/* Begin PBXProject section */
		A01CA516236A3D02007B6713 /* Project object */ = {
			isa = PBXProject;
			attributes = {
				LastSwiftUpdateCheck = 1020;
				LastUpgradeCheck = 1020;
				ORGANIZATIONNAME = "Jeff Ahlers";
				TargetAttributes = {
					A01CA51D236A3D02007B6713 = {
						CreatedOnToolsVersion = 10.2.1;
					};
					A01CA531236A3D03007B6713 = {
						CreatedOnToolsVersion = 10.2.1;
						TestTargetID = A01CA51D236A3D02007B6713;
					};
					A01CA53C236A3D03007B6713 = {
						CreatedOnToolsVersion = 10.2.1;
						TestTargetID = A01CA51D236A3D02007B6713;
					};
				};
			};
			buildConfigurationList = A01CA519236A3D02007B6713 /* Build configuration list for PBXProject "TelemetryApp" */;
			compatibilityVersion = "Xcode 9.3";
			developmentRegion = en;
			hasScannedForEncodings = 0;
			knownRegions = (
				en,
				Base,
			);
			mainGroup = A01CA515236A3D02007B6713;
			productRefGroup = A01CA51F236A3D02007B6713 /* Products */;
			projectDirPath = "";
			projectRoot = "";
			targets = (
				A01CA51D236A3D02007B6713 /* TelemetryApp */,
				A01CA531236A3D03007B6713 /* TelemetryAppTests */,
				A01CA53C236A3D03007B6713 /* TelemetryAppUITests */,
			);
		};
/* End PBXProject section */

/* Begin PBXResourcesBuildPhase section */
		A01CA51C236A3D02007B6713 /* Resources */ = {
			isa = PBXResourcesBuildPhase;
			buildActionMask = 2147483647;
			files = (
				A01CA52C236A3D03007B6713 /* LaunchScreen.storyboard in Resources */,
				A01CA529236A3D03007B6713 /* Assets.xcassets in Resources */,
				A01CA527236A3D02007B6713 /* Main.storyboard in Resources */,
			);
			runOnlyForDeploymentPostprocessing = 0;
		};
		A01CA530236A3D03007B6713 /* Resources */ = {
			isa = PBXResourcesBuildPhase;
			buildActionMask = 2147483647;
			files = (
			);
			runOnlyForDeploymentPostprocessing = 0;
		};
		A01CA53B236A3D03007B6713 /* Resources */ = {
			isa = PBXResourcesBuildPhase;
			buildActionMask = 2147483647;
			files = (
			);
			runOnlyForDeploymentPostprocessing = 0;
		};
/* End PBXResourcesBuildPhase section */

/* Begin PBXShellScriptBuildPhase section */
		4C1754689566A76EF692634F /* [CP] Check Pods Manifest.lock */ = {
			isa = PBXShellScriptBuildPhase;
			buildActionMask = 2147483647;
			files = (
			);
			inputPaths = (
				"${PODS_PODFILE_DIR_PATH}/Podfile.lock",
				"${PODS_ROOT}/Manifest.lock",
			);
			name = "[CP] Check Pods Manifest.lock";
			outputPaths = (
				"$(DERIVED_FILE_DIR)/Pods-TelemetryApp-checkManifestLockResult.txt",
			);
			runOnlyForDeploymentPostprocessing = 0;
			shellPath = /bin/sh;
			shellScript = "diff \"${PODS_PODFILE_DIR_PATH}/Podfile.lock\" \"${PODS_ROOT}/Manifest.lock\" > /dev/null\nif [ $? != 0 ] ; then\n    # print error to STDERR\n    echo \"error: The sandbox is not in sync with the Podfile.lock. Run 'pod install' or update your CocoaPods installation.\" >&2\n    exit 1\nfi\n# This output is used by Xcode 'outputs' to avoid re-running this script phase.\necho \"SUCCESS\" > \"${SCRIPT_OUTPUT_FILE_0}\"\n";
			showEnvVarsInLog = 0;
		};
		75A90B1FA7D352775B17FF51 /* [CP] Embed Pods Frameworks */ = {
			isa = PBXShellScriptBuildPhase;
			buildActionMask = 2147483647;
			files = (
			);
			inputPaths = (
				"${SRCROOT}/Pods/Target Support Files/Pods-TelemetryApp/Pods-TelemetryApp-frameworks.sh",
				"${BUILT_PRODUCTS_DIR}/IKEventSource/IKEventSource.framework",
			);
			name = "[CP] Embed Pods Frameworks";
			outputPaths = (
				"${TARGET_BUILD_DIR}/${FRAMEWORKS_FOLDER_PATH}/IKEventSource.framework",
			);
			runOnlyForDeploymentPostprocessing = 0;
			shellPath = /bin/sh;
			shellScript = "\"${SRCROOT}/Pods/Target Support Files/Pods-TelemetryApp/Pods-TelemetryApp-frameworks.sh\"\n";
			showEnvVarsInLog = 0;
		};
/* End PBXShellScriptBuildPhase section */

/* Begin PBXSourcesBuildPhase section */
		A01CA51A236A3D02007B6713 /* Sources */ = {
			isa = PBXSourcesBuildPhase;
			buildActionMask = 2147483647;
			files = (
				A01CA524236A3D02007B6713 /* ViewController.swift in Sources */,
				A01CA522236A3D02007B6713 /* AppDelegate.swift in Sources */,
			);
			runOnlyForDeploymentPostprocessing = 0;
		};
		A01CA52E236A3D03007B6713 /* Sources */ = {
			isa = PBXSourcesBuildPhase;
			buildActionMask = 2147483647;
			files = (
				A01CA537236A3D03007B6713 /* TelemetryAppTests.swift in Sources */,
			);
			runOnlyForDeploymentPostprocessing = 0;
		};
		A01CA539236A3D03007B6713 /* Sources */ = {
			isa = PBXSourcesBuildPhase;
			buildActionMask = 2147483647;
			files = (
				A01CA542236A3D03007B6713 /* TelemetryAppUITests.swift in Sources */,
			);
			runOnlyForDeploymentPostprocessing = 0;
		};
/* End PBXSourcesBuildPhase section */

/* Begin PBXTargetDependency section */
		A01CA534236A3D03007B6713 /* PBXTargetDependency */ = {
			isa = PBXTargetDependency;
			target = A01CA51D236A3D02007B6713 /* TelemetryApp */;
			targetProxy = A01CA533236A3D03007B6713 /* PBXContainerItemProxy */;
		};
		A01CA53F236A3D03007B6713 /* PBXTargetDependency */ = {
			isa = PBXTargetDependency;
			target = A01CA51D236A3D02007B6713 /* TelemetryApp */;
			targetProxy = A01CA53E236A3D03007B6713 /* PBXContainerItemProxy */;
		};
/* End PBXTargetDependency section */

/* Begin PBXVariantGroup section */
		A01CA525236A3D02007B6713 /* Main.storyboard */ = {
			isa = PBXVariantGroup;
			children = (
				A01CA526236A3D02007B6713 /* Base */,
			);
			name = Main.storyboard;
			sourceTree = "<group>";
		};
		A01CA52A236A3D03007B6713 /* LaunchScreen.storyboard */ = {
			isa = PBXVariantGroup;
			children = (
				A01CA52B236A3D03007B6713 /* Base */,
			);
			name = LaunchScreen.storyboard;
			sourceTree = "<group>";
		};
/* End PBXVariantGroup section */

/* Begin XCBuildConfiguration section */
		A01CA544236A3D03007B6713 /* Debug */ = {
			isa = XCBuildConfiguration;
			buildSettings = {
				ALWAYS_SEARCH_USER_PATHS = NO;
				CLANG_ANALYZER_NONNULL = YES;
				CLANG_ANALYZER_NUMBER_OBJECT_CONVERSION = YES_AGGRESSIVE;
				CLANG_CXX_LANGUAGE_STANDARD = "gnu++14";
				CLANG_CXX_LIBRARY = "libc++";
				CLANG_ENABLE_MODULES = YES;
				CLANG_ENABLE_OBJC_ARC = YES;
				CLANG_ENABLE_OBJC_WEAK = YES;
				CLANG_WARN_BLOCK_CAPTURE_AUTORELEASING = YES;
				CLANG_WARN_BOOL_CONVERSION = YES;
				CLANG_WARN_COMMA = YES;
				CLANG_WARN_CONSTANT_CONVERSION = YES;
				CLANG_WARN_DEPRECATED_OBJC_IMPLEMENTATIONS = YES;
				CLANG_WARN_DIRECT_OBJC_ISA_USAGE = YES_ERROR;
				CLANG_WARN_DOCUMENTATION_COMMENTS = YES;
				CLANG_WARN_EMPTY_BODY = YES;
				CLANG_WARN_ENUM_CONVERSION = YES;
				CLANG_WARN_INFINITE_RECURSION = YES;
				CLANG_WARN_INT_CONVERSION = YES;
				CLANG_WARN_NON_LITERAL_NULL_CONVERSION = YES;
				CLANG_WARN_OBJC_IMPLICIT_RETAIN_SELF = YES;
				CLANG_WARN_OBJC_LITERAL_CONVERSION = YES;
				CLANG_WARN_OBJC_ROOT_CLASS = YES_ERROR;
				CLANG_WARN_RANGE_LOOP_ANALYSIS = YES;
				CLANG_WARN_STRICT_PROTOTYPES = YES;
				CLANG_WARN_SUSPICIOUS_MOVE = YES;
				CLANG_WARN_UNGUARDED_AVAILABILITY = YES_AGGRESSIVE;
				CLANG_WARN_UNREACHABLE_CODE = YES;
				CLANG_WARN__DUPLICATE_METHOD_MATCH = YES;
				CODE_SIGN_IDENTITY = "iPhone Developer";
				COPY_PHASE_STRIP = NO;
				DEBUG_INFORMATION_FORMAT = dwarf;
				ENABLE_STRICT_OBJC_MSGSEND = YES;
				ENABLE_TESTABILITY = YES;
				GCC_C_LANGUAGE_STANDARD = gnu11;
				GCC_DYNAMIC_NO_PIC = NO;
				GCC_NO_COMMON_BLOCKS = YES;
				GCC_OPTIMIZATION_LEVEL = 0;
				GCC_PREPROCESSOR_DEFINITIONS = (
					"DEBUG=1",
					"$(inherited)",
				);
				GCC_WARN_64_TO_32_BIT_CONVERSION = YES;
				GCC_WARN_ABOUT_RETURN_TYPE = YES_ERROR;
				GCC_WARN_UNDECLARED_SELECTOR = YES;
				GCC_WARN_UNINITIALIZED_AUTOS = YES_AGGRESSIVE;
				GCC_WARN_UNUSED_FUNCTION = YES;
				GCC_WARN_UNUSED_VARIABLE = YES;
				IPHONEOS_DEPLOYMENT_TARGET = 12.2;
				MTL_ENABLE_DEBUG_INFO = INCLUDE_SOURCE;
				MTL_FAST_MATH = YES;
				ONLY_ACTIVE_ARCH = YES;
				SDKROOT = iphoneos;
				SWIFT_ACTIVE_COMPILATION_CONDITIONS = DEBUG;
				SWIFT_OPTIMIZATION_LEVEL = "-Onone";
			};
			name = Debug;
		};
		A01CA545236A3D03007B6713 /* Release */ = {
			isa = XCBuildConfiguration;
			buildSettings = {
				ALWAYS_SEARCH_USER_PATHS = NO;
				CLANG_ANALYZER_NONNULL = YES;
				CLANG_ANALYZER_NUMBER_OBJECT_CONVERSION = YES_AGGRESSIVE;
				CLANG_CXX_LANGUAGE_STANDARD = "gnu++14";
				CLANG_CXX_LIBRARY = "libc++";
				CLANG_ENABLE_MODULES = YES;
				CLANG_ENABLE_OBJC_ARC = YES;
				CLANG_ENABLE_OBJC_WEAK = YES;
				CLANG_WARN_BLOCK_CAPTURE_AUTORELEASING = YES;
				CLANG_WARN_BOOL_CONVERSION = YES;
				CLANG_WARN_COMMA = YES;
				CLANG_WARN_CONSTANT_CONVERSION = YES;
				CLANG_WARN_DEPRECATED_OBJC_IMPLEMENTATIONS = YES;
				CLANG_WARN_DIRECT_OBJC_ISA_USAGE = YES_ERROR;
				CLANG_WARN_DOCUMENTATION_COMMENTS = YES;
				CLANG_WARN_EMPTY_BODY = YES;
				CLANG_WARN_ENUM_CONVERSION = YES;
				CLANG_WARN_INFINITE_RECURSION = YES;
				CLANG_WARN_INT_CONVERSION = YES;
				CLANG_WARN_NON_LITERAL_NULL_CONVERSION = YES;
				CLANG_WARN_OBJC_IMPLICIT_RETAIN_SELF = YES;
				CLANG_WARN_OBJC_LITERAL_CONVERSION = YES;
				CLANG_WARN_OBJC_ROOT_CLASS = YES_ERROR;
				CLANG_WARN_RANGE_LOOP_ANALYSIS = YES;
				CLANG_WARN_STRICT_PROTOTYPES = YES;
				CLANG_WARN_SUSPICIOUS_MOVE = YES;
				CLANG_WARN_UNGUARDED_AVAILABILITY = YES_AGGRESSIVE;
				CLANG_WARN_UNREACHABLE_CODE = YES;
				CLANG_WARN__DUPLICATE_METHOD_MATCH = YES;
				CODE_SIGN_IDENTITY = "iPhone Developer";
				COPY_PHASE_STRIP = NO;
				DEBUG_INFORMATION_FORMAT = "dwarf-with-dsym";
				ENABLE_NS_ASSERTIONS = NO;
				ENABLE_STRICT_OBJC_MSGSEND = YES;
				GCC_C_LANGUAGE_STANDARD = gnu11;
				GCC_NO_COMMON_BLOCKS = YES;
				GCC_WARN_64_TO_32_BIT_CONVERSION = YES;
				GCC_WARN_ABOUT_RETURN_TYPE = YES_ERROR;
				GCC_WARN_UNDECLARED_SELECTOR = YES;
				GCC_WARN_UNINITIALIZED_AUTOS = YES_AGGRESSIVE;
				GCC_WARN_UNUSED_FUNCTION = YES;
				GCC_WARN_UNUSED_VARIABLE = YES;
				IPHONEOS_DEPLOYMENT_TARGET = 12.2;
				MTL_ENABLE_DEBUG_INFO = NO;
				MTL_FAST_MATH = YES;
				SDKROOT = iphoneos;
				SWIFT_COMPILATION_MODE = wholemodule;
				SWIFT_OPTIMIZATION_LEVEL = "-O";
				VALIDATE_PRODUCT = YES;
			};
			name = Release;
		};
		A01CA547236A3D03007B6713 /* Debug */ = {
			isa = XCBuildConfiguration;
			baseConfigurationReference = 144BD5E6415349B6695AAAEF /* Pods-TelemetryApp.debug.xcconfig */;
			buildSettings = {
				ASSETCATALOG_COMPILER_APPICON_NAME = AppIcon;
				CODE_SIGN_STYLE = Automatic;
				DEVELOPMENT_TEAM = LVD3AQD899;
				INFOPLIST_FILE = TelemetryApp/Info.plist;
				LD_RUNPATH_SEARCH_PATHS = (
					"$(inherited)",
					"@executable_path/Frameworks",
				);
				PRODUCT_BUNDLE_IDENTIFIER = "CSE-438.TelemetryApp";
				PRODUCT_NAME = "$(TARGET_NAME)";
				SWIFT_VERSION = 5.0;
				TARGETED_DEVICE_FAMILY = "1,2";
			};
			name = Debug;
		};
		A01CA548236A3D03007B6713 /* Release */ = {
			isa = XCBuildConfiguration;
			baseConfigurationReference = C38FE4A35ABDC7E96FFAB128 /* Pods-TelemetryApp.release.xcconfig */;
			buildSettings = {
				ASSETCATALOG_COMPILER_APPICON_NAME = AppIcon;
				CODE_SIGN_STYLE = Automatic;
				DEVELOPMENT_TEAM = LVD3AQD899;
				INFOPLIST_FILE = TelemetryApp/Info.plist;
				LD_RUNPATH_SEARCH_PATHS = (
					"$(inherited)",
					"@executable_path/Frameworks",
				);
				PRODUCT_BUNDLE_IDENTIFIER = "CSE-438.TelemetryApp";
				PRODUCT_NAME = "$(TARGET_NAME)";
				SWIFT_VERSION = 5.0;
				TARGETED_DEVICE_FAMILY = "1,2";
			};
			name = Release;
		};
		A01CA54A236A3D03007B6713 /* Debug */ = {
			isa = XCBuildConfiguration;
			buildSettings = {
				ALWAYS_EMBED_SWIFT_STANDARD_LIBRARIES = YES;
				BUNDLE_LOADER = "$(TEST_HOST)";
				CODE_SIGN_STYLE = Automatic;
				DEVELOPMENT_TEAM = LVD3AQD899;
				INFOPLIST_FILE = TelemetryAppTests/Info.plist;
				LD_RUNPATH_SEARCH_PATHS = (
					"$(inherited)",
					"@executable_path/Frameworks",
					"@loader_path/Frameworks",
				);
				PRODUCT_BUNDLE_IDENTIFIER = "CSE-438.TelemetryAppTests";
				PRODUCT_NAME = "$(TARGET_NAME)";
				SWIFT_VERSION = 5.0;
				TARGETED_DEVICE_FAMILY = "1,2";
				TEST_HOST = "$(BUILT_PRODUCTS_DIR)/TelemetryApp.app/TelemetryApp";
			};
			name = Debug;
		};
		A01CA54B236A3D03007B6713 /* Release */ = {
			isa = XCBuildConfiguration;
			buildSettings = {
				ALWAYS_EMBED_SWIFT_STANDARD_LIBRARIES = YES;
				BUNDLE_LOADER = "$(TEST_HOST)";
				CODE_SIGN_STYLE = Automatic;
				DEVELOPMENT_TEAM = LVD3AQD899;
				INFOPLIST_FILE = TelemetryAppTests/Info.plist;
				LD_RUNPATH_SEARCH_PATHS = (
					"$(inherited)",
					"@executable_path/Frameworks",
					"@loader_path/Frameworks",
				);
				PRODUCT_BUNDLE_IDENTIFIER = "CSE-438.TelemetryAppTests";
				PRODUCT_NAME = "$(TARGET_NAME)";
				SWIFT_VERSION = 5.0;
				TARGETED_DEVICE_FAMILY = "1,2";
				TEST_HOST = "$(BUILT_PRODUCTS_DIR)/TelemetryApp.app/TelemetryApp";
			};
			name = Release;
		};
		A01CA54D236A3D03007B6713 /* Debug */ = {
			isa = XCBuildConfiguration;
			buildSettings = {
				ALWAYS_EMBED_SWIFT_STANDARD_LIBRARIES = YES;
				CODE_SIGN_STYLE = Automatic;
				DEVELOPMENT_TEAM = LVD3AQD899;
				INFOPLIST_FILE = TelemetryAppUITests/Info.plist;
				LD_RUNPATH_SEARCH_PATHS = (
					"$(inherited)",
					"@executable_path/Frameworks",
					"@loader_path/Frameworks",
				);
				PRODUCT_BUNDLE_IDENTIFIER = "CSE-438.TelemetryAppUITests";
				PRODUCT_NAME = "$(TARGET_NAME)";
				SWIFT_VERSION = 5.0;
				TARGETED_DEVICE_FAMILY = "1,2";
				TEST_TARGET_NAME = TelemetryApp;
			};
			name = Debug;
		};
		A01CA54E236A3D03007B6713 /* Release */ = {
			isa = XCBuildConfiguration;
			buildSettings = {
				ALWAYS_EMBED_SWIFT_STANDARD_LIBRARIES = YES;
				CODE_SIGN_STYLE = Automatic;
				DEVELOPMENT_TEAM = LVD3AQD899;
				INFOPLIST_FILE = TelemetryAppUITests/Info.plist;
				LD_RUNPATH_SEARCH_PATHS = (
					"$(inherited)",
					"@executable_path/Frameworks",
					"@loader_path/Frameworks",
				);
				PRODUCT_BUNDLE_IDENTIFIER = "CSE-438.TelemetryAppUITests";
				PRODUCT_NAME = "$(TARGET_NAME)";
				SWIFT_VERSION = 5.0;
				TARGETED_DEVICE_FAMILY = "1,2";
				TEST_TARGET_NAME = TelemetryApp;
			};
			name = Release;
		};
/* End XCBuildConfiguration section */

/* Begin XCConfigurationList section */
		A01CA519236A3D02007B6713 /* Build configuration list for PBXProject "TelemetryApp" */ = {
			isa = XCConfigurationList;
			buildConfigurations = (
				A01CA544236A3D03007B6713 /* Debug */,
				A01CA545236A3D03007B6713 /* Release */,
			);
			defaultConfigurationIsVisible = 0;
			defaultConfigurationName = Release;
		};
		A01CA546236A3D03007B6713 /* Build configuration list for PBXNativeTarget "TelemetryApp" */ = {
			isa = XCConfigurationList;
			buildConfigurations = (
				A01CA547236A3D03007B6713 /* Debug */,
				A01CA548236A3D03007B6713 /* Release */,
			);
			defaultConfigurationIsVisible = 0;
			defaultConfigurationName = Release;
		};
		A01CA549236A3D03007B6713 /* Build configuration list for PBXNativeTarget "TelemetryAppTests" */ = {
			isa = XCConfigurationList;
			buildConfigurations = (
				A01CA54A236A3D03007B6713 /* Debug */,
				A01CA54B236A3D03007B6713 /* Release */,
			);
			defaultConfigurationIsVisible = 0;
			defaultConfigurationName = Release;
		};
		A01CA54C236A3D03007B6713 /* Build configuration list for PBXNativeTarget "TelemetryAppUITests" */ = {
			isa = XCConfigurationList;
			buildConfigurations = (
				A01CA54D236A3D03007B6713 /* Debug */,
				A01CA54E236A3D03007B6713 /* Release */,
			);
			defaultConfigurationIsVisible = 0;
			defaultConfigurationName = Release;
		};
/* End XCConfigurationList section */
	};
	rootObject = A01CA516236A3D02007B6713 /* Project object */;
}
